
Microsoft Visual Studio Solution File, Format Version 12.00
# Visual Studio 2012
Project("{FAE04EC0-301F-11D3-BF4B-00C04F79EFBC}") = "CombinationsGenerator", "CombinationsGenerator.csproj", "{F9133689-8A7F-45E5-83F0-0FC2C58DDC0D}"
EndProject
Project("{FAE04EC0-301F-11D3-BF4B-00C04F79EFBC}") = "CombinationsGeneratorTest", "..\CombinationsGeneratorTest\CombinationsGeneratorTest.csproj", "{4E5525D5-4717-42F8-A059-CAF89ABCCBE5}"
	ProjectSection(ProjectDependencies) = postProject
		{F9133689-8A7F-45E5-83F0-0FC2C58DDC0D} = {F9133689-8A7F-45E5-83F0-0FC2C58DDC0D}
	EndProjectSection
EndProject
Global
	GlobalSection(SolutionConfigurationPlatforms) = preSolution
		Debug|Any CPU = Debug|Any CPU
		Debug|x64 = Debug|x64
		Release|Any CPU = Release|Any CPU
		Release|x64 = Release|x64
	EndGlobalSection
	GlobalSection(ProjectConfigurationPlatforms) = postSolution
		{F9133689-8A7F-45E5-83F0-0FC2C58DDC0D}.Debug|Any CPU.ActiveCfg = Debug|Any CPU
		{F9133689-8A7F-45E5-83F0-0FC2C58DDC0D}.Debug|Any CPU.Build.0 = Debug|Any CPU
		{F9133689-8A7F-45E5-83F0-0FC2C58DDC0D}.Debug|x64.ActiveCfg = Debug|x64
		{F9133689-8A7F-45E5-83F0-0FC2C58DDC0D}.Debug|x64.Build.0 = Debug|x64
		{F9133689-8A7F-45E5-83F0-0FC2C58DDC0D}.Release|Any CPU.ActiveCfg = Release|Any CPU
		{F9133689-8A7F-45E5-83F0-0FC2C58DDC0D}.Release|Any CPU.Build.0 = Release|Any CPU
		{F9133689-8A7F-45E5-83F0-0FC2C58DDC0D}.Release|x64.ActiveCfg = Release|x64
		{F9133689-8A7F-45E5-83F0-0FC2C58DDC0D}.Release|x64.Build.0 = Release|x64
		{4E5525D5-4717-42F8-A059-CAF89ABCCBE5}.Debug|Any CPU.ActiveCfg = Debug|Any CPU
		{4E5525D5-4717-42F8-A059-CAF89ABCCBE5}.Debug|Any CPU.Build.0 = Debug|Any CPU
		{4E5525D5-4717-42F8-A059-CAF89ABCCBE5}.Debug|x64.ActiveCfg = Debug|x64
		{4E5525D5-4717-42F8-A059-CAF89ABCCBE5}.Debug|x64.Build.0 = Debug|x64
		{4E5525D5-4717-42F8-A059-CAF89ABCCBE5}.Release|Any CPU.ActiveCfg = Release|Any CPU
		{4E5525D5-4717-42F8-A059-CAF89ABCCBE5}.Release|Any CPU.Build.0 = Release|Any CPU
		{4E5525D5-4717-42F8-A059-CAF89ABCCBE5}.Release|x64.ActiveCfg = Release|x64
		{4E5525D5-4717-42F8-A059-CAF89ABCCBE5}.Release|x64.Build.0 = Release|x64
	EndGlobalSection
	GlobalSection(SolutionProperties) = preSolution
		HideSolutionNode = FALSE
	EndGlobalSection
EndGlobal
