
Microsoft Visual Studio Solution File, Format Version 11.00
# Visual Studio 2010
Project("{888888A0-9F3D-457C-B088-3A5042F75D52}") = "SycalAoaTdoaSimulator", "SycalAoaTdoaSimulator\SycalAoaTdoaSimulator.pyproj", "{EAF04D6D-E748-43B5-9CC5-CFB27DA53455}"
EndProject
Global
	GlobalSection(SolutionConfigurationPlatforms) = preSolution
		Debug|Any CPU = Debug|Any CPU
		Release|Any CPU = Release|Any CPU
	EndGlobalSection
	GlobalSection(ProjectConfigurationPlatforms) = postSolution
		{EAF04D6D-E748-43B5-9CC5-CFB27DA53455}.Debug|Any CPU.ActiveCfg = Debug|Any CPU
		{EAF04D6D-E748-43B5-9CC5-CFB27DA53455}.Release|Any CPU.ActiveCfg = Release|Any CPU
	EndGlobalSection
	GlobalSection(SolutionProperties) = preSolution
		HideSolutionNode = FALSE
	EndGlobalSection
EndGlobal
